// !$*UTF8*$!
{
	archiveVersion = 1;
	classes = {
	};
	objectVersion = 46;
	objects = {

/* Begin PBXBuildFile section */
		18195D0D1AC103E80006E37A /* main.m in Sources */ = {isa = PBXBuildFile; fileRef = 18195D0C1AC103E80006E37A /* main.m */; };
		18195D101AC103E80006E37A /* AppDelegate.m in Sources */ = {isa = PBXBuildFile; fileRef = 18195D0F1AC103E80006E37A /* AppDelegate.m */; };
		18195D131AC103E80006E37A /* FirstViewController.m in Sources */ = {isa = PBXBuildFile; fileRef = 18195D121AC103E80006E37A /* FirstViewController.m */; };
		18195D161AC103E80006E37A /* SecondViewController.m in Sources */ = {isa = PBXBuildFile; fileRef = 18195D151AC103E80006E37A /* SecondViewController.m */; };
		18195D191AC103E80006E37A /* Main.storyboard in Resources */ = {isa = PBXBuildFile; fileRef = 18195D171AC103E80006E37A /* Main.storyboard */; };
		18195D1B1AC103E80006E37A /* Images.xcassets in Resources */ = {isa = PBXBuildFile; fileRef = 18195D1A1AC103E80006E37A /* Images.xcassets */; };
		18195D1E1AC103E80006E37A /* LaunchScreen.xib in Resources */ = {isa = PBXBuildFile; fileRef = 18195D1C1AC103E80006E37A /* LaunchScreen.xib */; };
		18195D2A1AC103E80006E37A /* RepoTestttttttTests.m in Sources */ = {isa = PBXBuildFile; fileRef = 18195D291AC103E80006E37A /* RepoTestttttttTests.m */; };
/* End PBXBuildFile section */

/* Begin PBXContainerItemProxy section */
		18195D241AC103E80006E37A /* PBXContainerItemProxy */ = {
			isa = PBXContainerItemProxy;
			containerPortal = 18195CFF1AC103E80006E37A /* Project object */;
			proxyType = 1;
			remoteGlobalIDString = 18195D061AC103E80006E37A;
			remoteInfo = RepoTesttttttt;
		};
/* End PBXContainerItemProxy section */

/* Begin PBXFileReference section */
		18195D071AC103E80006E37A /* RepoTesttttttt.app */ = {isa = PBXFileReference; explicitFileType = wrapper.application; includeInIndex = 0; path = RepoTesttttttt.app; sourceTree = BUILT_PRODUCTS_DIR; };
		18195D0B1AC103E80006E37A /* Info.plist */ = {isa = PBXFileReference; lastKnownFileType = text.plist.xml; path = Info.plist; sourceTree = "<group>"; };
		18195D0C1AC103E80006E37A /* main.m */ = {isa = PBXFileReference; lastKnownFileType = sourcecode.c.objc; path = main.m; sourceTree = "<group>"; };
		18195D0E1AC103E80006E37A /* AppDelegate.h */ = {isa = PBXFileReference; lastKnownFileType = sourcecode.c.h; path = AppDelegate.h; sourceTree = "<group>"; };
		18195D0F1AC103E80006E37A /* AppDelegate.m */ = {isa = PBXFileReference; lastKnownFileType = sourcecode.c.objc; path = AppDelegate.m; sourceTree = "<group>"; };
		18195D111AC103E80006E37A /* FirstViewController.h */ = {isa = PBXFileReference; lastKnownFileType = sourcecode.c.h; path = FirstViewController.h; sourceTree = "<group>"; };
		18195D121AC103E80006E37A /* FirstViewController.m */ = {isa = PBXFileReference; lastKnownFileType = sourcecode.c.objc; path = FirstViewController.m; sourceTree = "<group>"; };
		18195D141AC103E80006E37A /* SecondViewController.h */ = {isa = PBXFileReference; lastKnownFileType = sourcecode.c.h; path = SecondViewController.h; sourceTree = "<group>"; };
		18195D151AC103E80006E37A /* SecondViewController.m */ = {isa = PBXFileReference; lastKnownFileType = sourcecode.c.objc; path = SecondViewController.m; sourceTree = "<group>"; };
		18195D181AC103E80006E37A /* Base */ = {isa = PBXFileReference; lastKnownFileType = file.storyboard; name = Base; path = Base.lproj/Main.storyboard; sourceTree = "<group>"; };
		18195D1A1AC103E80006E37A /* Images.xcassets */ = {isa = PBXFileReference; lastKnownFileType = folder.assetcatalog; path = Images.xcassets; sourceTree = "<group>"; };
		18195D1D1AC103E80006E37A /* Base */ = {isa = PBXFileReference; lastKnownFileType = file.xib; name = Base; path = Base.lproj/LaunchScreen.xib; sourceTree = "<group>"; };
		18195D231AC103E80006E37A /* RepoTestttttttTests.xctest */ = {isa = PBXFileReference; explicitFileType = wrapper.cfbundle; includeInIndex = 0; path = RepoTestttttttTests.xctest; sourceTree = BUILT_PRODUCTS_DIR; };
		18195D281AC103E80006E37A /* Info.plist */ = {isa = PBXFileReference; lastKnownFileType = text.plist.xml; path = Info.plist; sourceTree = "<group>"; };
		18195D291AC103E80006E37A /* RepoTestttttttTests.m */ = {isa = PBXFileReference; lastKnownFileType = sourcecode.c.objc; path = RepoTestttttttTests.m; sourceTree = "<group>"; };
/* End PBXFileReference section */

/* Begin PBXFrameworksBuildPhase section */
		18195D041AC103E80006E37A /* Frameworks */ = {
			isa = PBXFrameworksBuildPhase;
			buildActionMask = 2147483647;
			files = (
			);
			runOnlyForDeploymentPostprocessing = 0;
		};
		18195D201AC103E80006E37A /* Frameworks */ = {
			isa = PBXFrameworksBuildPhase;
			buildActionMask = 2147483647;
			files = (
			);
			runOnlyForDeploymentPostprocessing = 0;
		};
/* End PBXFrameworksBuildPhase section */

/* Begin PBXGroup section */
		18195CFE1AC103E80006E37A = {
			isa = PBXGroup;
			children = (
				18195D091AC103E80006E37A /* RepoTesttttttt */,
				18195D261AC103E80006E37A /* RepoTestttttttTests */,
				18195D081AC103E80006E37A /* Products */,
			);
			sourceTree = "<group>";
		};
		18195D081AC103E80006E37A /* Products */ = {
			isa = PBXGroup;
			children = (
				18195D071AC103E80006E37A /* RepoTesttttttt.app */,
				18195D231AC103E80006E37A /* RepoTestttttttTests.xctest */,
			);
			name = Products;
			sourceTree = "<group>";
		};
		18195D091AC103E80006E37A /* RepoTesttttttt */ = {
			isa = PBXGroup;
			children = (
				18195D0E1AC103E80006E37A /* AppDelegate.h */,
				18195D0F1AC103E80006E37A /* AppDelegate.m */,
				18195D111AC103E80006E37A /* FirstViewController.h */,
				18195D121AC103E80006E37A /* FirstViewController.m */,
				18195D141AC103E80006E37A /* SecondViewController.h */,
				18195D151AC103E80006E37A /* SecondViewController.m */,
				18195D171AC103E80006E37A /* Main.storyboard */,
				18195D1A1AC103E80006E37A /* Images.xcassets */,
				18195D1C1AC103E80006E37A /* LaunchScreen.xib */,
				18195D0A1AC103E80006E37A /* Supporting Files */,
			);
			path = RepoTesttttttt;
			sourceTree = "<group>";
		};
		18195D0A1AC103E80006E37A /* Supporting Files */ = {
			isa = PBXGroup;
			children = (
				18195D0B1AC103E80006E37A /* Info.plist */,
				18195D0C1AC103E80006E37A /* main.m */,
			);
			name = "Supporting Files";
			sourceTree = "<group>";
		};
		18195D261AC103E80006E37A /* RepoTestttttttTests */ = {
			isa = PBXGroup;
			children = (
				18195D291AC103E80006E37A /* RepoTestttttttTests.m */,
				18195D271AC103E80006E37A /* Supporting Files */,
			);
			path = RepoTestttttttTests;
			sourceTree = "<group>";
		};
		18195D271AC103E80006E37A /* Supporting Files */ = {
			isa = PBXGroup;
			children = (
				18195D281AC103E80006E37A /* Info.plist */,
			);
			name = "Supporting Files";
			sourceTree = "<group>";
		};
/* End PBXGroup section */

/* Begin PBXNativeTarget section */
		18195D061AC103E80006E37A /* RepoTesttttttt */ = {
			isa = PBXNativeTarget;
			buildConfigurationList = 18195D2D1AC103E80006E37A /* Build configuration list for PBXNativeTarget "RepoTesttttttt" */;
			buildPhases = (
				18195D031AC103E80006E37A /* Sources */,
				18195D041AC103E80006E37A /* Frameworks */,
				18195D051AC103E80006E37A /* Resources */,
			);
			buildRules = (
			);
			dependencies = (
			);
			name = RepoTesttttttt;
			productName = RepoTesttttttt;
			productReference = 18195D071AC103E80006E37A /* RepoTesttttttt.app */;
			productType = "com.apple.product-type.application";
		};
		18195D221AC103E80006E37A /* RepoTestttttttTests */ = {
			isa = PBXNativeTarget;
			buildConfigurationList = 18195D301AC103E80006E37A /* Build configuration list for PBXNativeTarget "RepoTestttttttTests" */;
			buildPhases = (
				18195D1F1AC103E80006E37A /* Sources */,
				18195D201AC103E80006E37A /* Frameworks */,
				18195D211AC103E80006E37A /* Resources */,
			);
			buildRules = (
			);
			dependencies = (
				18195D251AC103E80006E37A /* PBXTargetDependency */,
			);
			name = RepoTestttttttTests;
			productName = RepoTestttttttTests;
			productReference = 18195D231AC103E80006E37A /* RepoTestttttttTests.xctest */;
			productType = "com.apple.product-type.bundle.unit-test";
		};
/* End PBXNativeTarget section */

/* Begin PBXProject section */
		18195CFF1AC103E80006E37A /* Project object */ = {
			isa = PBXProject;
			attributes = {
				LastUpgradeCheck = 0620;
				ORGANIZATIONNAME = LD;
				TargetAttributes = {
					18195D061AC103E80006E37A = {
						CreatedOnToolsVersion = 6.2;
					};
					18195D221AC103E80006E37A = {
						CreatedOnToolsVersion = 6.2;
						TestTargetID = 18195D061AC103E80006E37A;
					};
				};
			};
			buildConfigurationList = 18195D021AC103E80006E37A /* Build configuration list for PBXProject "RepoTesttttttt" */;
			compatibilityVersion = "Xcode 3.2";
			developmentRegion = English;
			hasScannedForEncodings = 0;
			knownRegions = (
				en,
				Base,
			);
			mainGroup = 18195CFE1AC103E80006E37A;
			productRefGroup = 18195D081AC103E80006E37A /* Products */;
			projectDirPath = "";
			projectRoot = "";
			targets = (
				18195D061AC103E80006E37A /* RepoTesttttttt */,
				18195D221AC103E80006E37A /* RepoTestttttttTests */,
			);
		};
/* End PBXProject section */

/* Begin PBXResourcesBuildPhase section */
		18195D051AC103E80006E37A /* Resources */ = {
			isa = PBXResourcesBuildPhase;
			buildActionMask = 2147483647;
			files = (
				18195D191AC103E80006E37A /* Main.storyboard in Resources */,
				18195D1E1AC103E80006E37A /* LaunchScreen.xib in Resources */,
				18195D1B1AC103E80006E37A /* Images.xcassets in Resources */,
			);
			runOnlyForDeploymentPostprocessing = 0;
		};
		18195D211AC103E80006E37A /* Resources */ = {
			isa = PBXResourcesBuildPhase;
			buildActionMask = 2147483647;
			files = (
			);
			runOnlyForDeploymentPostprocessing = 0;
		};
/* End PBXResourcesBuildPhase section */

/* Begin PBXSourcesBuildPhase section */
		18195D031AC103E80006E37A /* Sources */ = {
			isa = PBXSourcesBuildPhase;
			buildActionMask = 2147483647;
			files = (
				18195D161AC103E80006E37A /* SecondViewController.m in Sources */,
				18195D101AC103E80006E37A /* AppDelegate.m in Sources */,
				18195D131AC103E80006E37A /* FirstViewController.m in Sources */,
				18195D0D1AC103E80006E37A /* main.m in Sources */,
			);
			runOnlyForDeploymentPostprocessing = 0;
		};
		18195D1F1AC103E80006E37A /* Sources */ = {
			isa = PBXSourcesBuildPhase;
			buildActionMask = 2147483647;
			files = (
				18195D2A1AC103E80006E37A /* RepoTestttttttTests.m in Sources */,
			);
			runOnlyForDeploymentPostprocessing = 0;
		};
/* End PBXSourcesBuildPhase section */

/* Begin PBXTargetDependency section */
		18195D251AC103E80006E37A /* PBXTargetDependency */ = {
			isa = PBXTargetDependency;
			target = 18195D061AC103E80006E37A /* RepoTesttttttt */;
			targetProxy = 18195D241AC103E80006E37A /* PBXContainerItemProxy */;
		};
/* End PBXTargetDependency section */

/* Begin PBXVariantGroup section */
		18195D171AC103E80006E37A /* Main.storyboard */ = {
			isa = PBXVariantGroup;
			children = (
				18195D181AC103E80006E37A /* Base */,
			);
			name = Main.storyboard;
			sourceTree = "<group>";
		};
		18195D1C1AC103E80006E37A /* LaunchScreen.xib */ = {
			isa = PBXVariantGroup;
			children = (
				18195D1D1AC103E80006E37A /* Base */,
			);
			name = LaunchScreen.xib;
			sourceTree = "<group>";
		};
/* End PBXVariantGroup section */

/* Begin XCBuildConfiguration section */
		18195D2B1AC103E80006E37A /* Debug */ = {
			isa = XCBuildConfiguration;
			buildSettings = {
				ALWAYS_SEARCH_USER_PATHS = NO;
				CLANG_CXX_LANGUAGE_STANDARD = "gnu++0x";
				CLANG_CXX_LIBRARY = "libc++";
				CLANG_ENABLE_MODULES = YES;
				CLANG_ENABLE_OBJC_ARC = YES;
				CLANG_WARN_BOOL_CONVERSION = YES;
				CLANG_WARN_CONSTANT_CONVERSION = YES;
				CLANG_WARN_DIRECT_OBJC_ISA_USAGE = YES_ERROR;
				CLANG_WARN_EMPTY_BODY = YES;
				CLANG_WARN_ENUM_CONVERSION = YES;
				CLANG_WARN_INT_CONVERSION = YES;
				CLANG_WARN_OBJC_ROOT_CLASS = YES_ERROR;
				CLANG_WARN_UNREACHABLE_CODE = YES;
				CLANG_WARN__DUPLICATE_METHOD_MATCH = YES;
				"CODE_SIGN_IDENTITY[sdk=iphoneos*]" = "iPhone Developer";
				COPY_PHASE_STRIP = NO;
				ENABLE_STRICT_OBJC_MSGSEND = YES;
				GCC_C_LANGUAGE_STANDARD = gnu99;
				GCC_DYNAMIC_NO_PIC = NO;
				GCC_OPTIMIZATION_LEVEL = 0;
				GCC_PREPROCESSOR_DEFINITIONS = (
					"DEBUG=1",
					"$(inherited)",
				);
				GCC_SYMBOLS_PRIVATE_EXTERN = NO;
				GCC_WARN_64_TO_32_BIT_CONVERSION = YES;
				GCC_WARN_ABOUT_RETURN_TYPE = YES_ERROR;
				GCC_WARN_UNDECLARED_SELECTOR = YES;
				GCC_WARN_UNINITIALIZED_AUTOS = YES_AGGRESSIVE;
				GCC_WARN_UNUSED_FUNCTION = YES;
				GCC_WARN_UNUSED_VARIABLE = YES;
				IPHONEOS_DEPLOYMENT_TARGET = 8.2;
				MTL_ENABLE_DEBUG_INFO = YES;
				ONLY_ACTIVE_ARCH = YES;
				SDKROOT = iphoneos;
				TARGETED_DEVICE_FAMILY = "1,2";
			};
			name = Debug;
		};
		18195D2C1AC103E80006E37A /* Release */ = {
			isa = XCBuildConfiguration;
			buildSettings = {
				ALWAYS_SEARCH_USER_PATHS = NO;
				CLANG_CXX_LANGUAGE_STANDARD = "gnu++0x";
				CLANG_CXX_LIBRARY = "libc++";
				CLANG_ENABLE_MODULES = YES;
				CLANG_ENABLE_OBJC_ARC = YES;
				CLANG_WARN_BOOL_CONVERSION = YES;
				CLANG_WARN_CONSTANT_CONVERSION = YES;
				CLANG_WARN_DIRECT_OBJC_ISA_USAGE = YES_ERROR;
				CLANG_WARN_EMPTY_BODY = YES;
				CLANG_WARN_ENUM_CONVERSION = YES;
				CLANG_WARN_INT_CONVERSION = YES;
				CLANG_WARN_OBJC_ROOT_CLASS = YES_ERROR;
				CLANG_WARN_UNREACHABLE_CODE = YES;
				CLANG_WARN__DUPLICATE_METHOD_MATCH = YES;
				"CODE_SIGN_IDENTITY[sdk=iphoneos*]" = "iPhone Developer";
				COPY_PHASE_STRIP = NO;
				ENABLE_NS_ASSERTIONS = NO;
				ENABLE_STRICT_OBJC_MSGSEND = YES;
				GCC_C_LANGUAGE_STANDARD = gnu99;
				GCC_WARN_64_TO_32_BIT_CONVERSION = YES;
				GCC_WARN_ABOUT_RETURN_TYPE = YES_ERROR;
				GCC_WARN_UNDECLARED_SELECTOR = YES;
				GCC_WARN_UNINITIALIZED_AUTOS = YES_AGGRESSIVE;
				GCC_WARN_UNUSED_FUNCTION = YES;
				GCC_WARN_UNUSED_VARIABLE = YES;
				IPHONEOS_DEPLOYMENT_TARGET = 8.2;
				MTL_ENABLE_DEBUG_INFO = NO;
				SDKROOT = iphoneos;
				TARGETED_DEVICE_FAMILY = "1,2";
				VALIDATE_PRODUCT = YES;
			};
			name = Release;
		};
		18195D2E1AC103E80006E37A /* Debug */ = {
			isa = XCBuildConfiguration;
			buildSettings = {
				ASSETCATALOG_COMPILER_APPICON_NAME = AppIcon;
				INFOPLIST_FILE = RepoTesttttttt/Info.plist;
				LD_RUNPATH_SEARCH_PATHS = "$(inherited) @executable_path/Frameworks";
				PRODUCT_NAME = "$(TARGET_NAME)";
			};
			name = Debug;
		};
		18195D2F1AC103E80006E37A /* Release */ = {
			isa = XCBuildConfiguration;
			buildSettings = {
				ASSETCATALOG_COMPILER_APPICON_NAME = AppIcon;
				INFOPLIST_FILE = RepoTesttttttt/Info.plist;
				LD_RUNPATH_SEARCH_PATHS = "$(inherited) @executable_path/Frameworks";
				PRODUCT_NAME = "$(TARGET_NAME)";
			};
			name = Release;
		};
		18195D311AC103E80006E37A /* Debug */ = {
			isa = XCBuildConfiguration;
			buildSettings = {
				BUNDLE_LOADER = "$(TEST_HOST)";
				FRAMEWORK_SEARCH_PATHS = (
					"$(SDKROOT)/Developer/Library/Frameworks",
					"$(inherited)",
				);
				GCC_PREPROCESSOR_DEFINITIONS = (
					"DEBUG=1",
					"$(inherited)",
				);
				INFOPLIST_FILE = RepoTestttttttTests/Info.plist;
				LD_RUNPATH_SEARCH_PATHS = "$(inherited) @executable_path/Frameworks @loader_path/Frameworks";
				PRODUCT_NAME = "$(TARGET_NAME)";
				TEST_HOST = "$(BUILT_PRODUCTS_DIR)/RepoTesttttttt.app/RepoTesttttttt";
			};
			name = Debug;
		};
		18195D321AC103E80006E37A /* Release */ = {
			isa = XCBuildConfiguration;
			buildSettings = {
				BUNDLE_LOADER = "$(TEST_HOST)";
				FRAMEWORK_SEARCH_PATHS = (
					"$(SDKROOT)/Developer/Library/Frameworks",
					"$(inherited)",
				);
				INFOPLIST_FILE = RepoTestttttttTests/Info.plist;
				LD_RUNPATH_SEARCH_PATHS = "$(inherited) @executable_path/Frameworks @loader_path/Frameworks";
				PRODUCT_NAME = "$(TARGET_NAME)";
				TEST_HOST = "$(BUILT_PRODUCTS_DIR)/RepoTesttttttt.app/RepoTesttttttt";
			};
			name = Release;
		};
/* End XCBuildConfiguration section */

/* Begin XCConfigurationList section */
		18195D021AC103E80006E37A /* Build configuration list for PBXProject "RepoTesttttttt" */ = {
			isa = XCConfigurationList;
			buildConfigurations = (
				18195D2B1AC103E80006E37A /* Debug */,
				18195D2C1AC103E80006E37A /* Release */,
			);
			defaultConfigurationIsVisible = 0;
			defaultConfigurationName = Release;
		};
		18195D2D1AC103E80006E37A /* Build configuration list for PBXNativeTarget "RepoTesttttttt" */ = {
			isa = XCConfigurationList;
			buildConfigurations = (
				18195D2E1AC103E80006E37A /* Debug */,
				18195D2F1AC103E80006E37A /* Release */,
			);
			defaultConfigurationIsVisible = 0;
		};
		18195D301AC103E80006E37A /* Build configuration list for PBXNativeTarget "RepoTestttttttTests" */ = {
			isa = XCConfigurationList;
			buildConfigurations = (
				18195D311AC103E80006E37A /* Debug */,
				18195D321AC103E80006E37A /* Release */,
			);
			defaultConfigurationIsVisible = 0;
		};
/* End XCConfigurationList section */
	};
	rootObject = 18195CFF1AC103E80006E37A /* Project object */;
}
